
Microsoft Visual Studio Solution File, Format Version 12.00
# Visual Studio 14
VisualStudioVersion = 14.0.25420.1
MinimumVisualStudioVersion = 10.0.40219.1
Project("{FAE04EC0-301F-11D3-BF4B-00C04F79EFBC}") = "EnigmaChat", "EnigmaChat\EnigmaChat.csproj", "{EA3C6DDA-B245-4B2F-8126-FD33AB412BFD}"
EndProject
Project("{54435603-DBB4-11D2-8724-00A0C9A8B90C}") = "Setup", "SetupWizard\Setup\Setup.vdproj", "{B526FAC0-3D48-4535-853D-BCDA12F620E2}"
EndProject
Global
	GlobalSection(SolutionConfigurationPlatforms) = preSolution
		Debug|Any CPU = Debug|Any CPU
		Release|Any CPU = Release|Any CPU
	EndGlobalSection
	GlobalSection(ProjectConfigurationPlatforms) = postSolution
		{EA3C6DDA-B245-4B2F-8126-FD33AB412BFD}.Debug|Any CPU.ActiveCfg = Debug|Any CPU
		{EA3C6DDA-B245-4B2F-8126-FD33AB412BFD}.Debug|Any CPU.Build.0 = Debug|Any CPU
		{EA3C6DDA-B245-4B2F-8126-FD33AB412BFD}.Release|Any CPU.ActiveCfg = Release|Any CPU
		{EA3C6DDA-B245-4B2F-8126-FD33AB412BFD}.Release|Any CPU.Build.0 = Release|Any CPU
		{B526FAC0-3D48-4535-853D-BCDA12F620E2}.Debug|Any CPU.ActiveCfg = Debug
		{B526FAC0-3D48-4535-853D-BCDA12F620E2}.Release|Any CPU.ActiveCfg = Release
	EndGlobalSection
	GlobalSection(SolutionProperties) = preSolution
		HideSolutionNode = FALSE
	EndGlobalSection
EndGlobal
